github.com/BurntSushi/toml v0.3.1/go.mod h1:xHWCNGjB5oqiDr8zfno3MHue2Ht5sIBksp03qcyfWMU=
github.com/cpuguy83/go-md2man/v2 v2.0.0-20190314233015-f79a8a8ca69d/go.mod h1:maD7wRr/U5Z6m/iR4s+kqSMx2CaBsrgA7czyZG/E6dU=
github.com/cpuguy83/go-md2man/v2 v2.0.0 h1:EoUDS0afbrsXAZ9YQ9jdu/mZ2sXgT1/2yyNng4PGlyM=
github.com/cpuguy83/go-md2man/v2 v2.0.0/go.mod h1:maD7wRr/U5Z6m/iR4s+kqSMx2CaBsrgA7czyZG/E6dU=
github.com/creack/pty v1.1.9/go.mod h1:oKZEueFk5CKHvIhNR5MUki03XCEU+Q6VDXinZuGJ33E=
github.com/davecgh/go-spew v1.1.0/go.mod h1:J7Y8YcW2NihsgmVo/mv3lAwl/skON4iLHjSsI+c5H38=
github.com/davecgh/go-spew v1.1.1 h1:vj9j/u1bqnvCEfJOwUhtlOARqs3+rkHYY13jYWTU97c=
github.com/davecgh/go-spew v1.1.1/go.mod h1:J7Y8YcW2NihsgmVo/mv3lAwl/skON4iLHjSsI+c5H38=
github.com/fatih/color v1.7.0/go.mod h1:Zm6kSWBoL9eyXnKyktHP6abPY2pDugNf5KwzbycvMj4=
github.com/fatih/color v1.9.0 h1:8xPHl4/q1VyqGIPif1F+1V3Y3lSmrq01EabUW3CoW5s=
github.com/fatih/color v1.9.0/go.mod h1:eQcE1qtQxscV5RaZvpXrrb8Drkc3/DdQ+uUYCNjL+zU=
github.com/go-playground/locales v0.13.0 h1:HyWk6mgj5qFqCT5fjGBuRArbVDfE4hi8+e8ceBS/t7Q=
github.com/go-playground/locales v0.13.0/go.mod h1:taPMhCMXrRLJO55olJkUXHZBHCxTMfnGwq/HNwmWNS8=
github.com/go-playground/universal-translator v0.17.0 h1:icxd5fm+REJzpZx7ZfpaD876Lmtgy7VtROAbHHXk8no=
github.com/go-playground/universal-translator v0.17.0/go.mod h1:UkSxE5sNxxRwHyU+Scu5vgOQjsIJAF8j9muTVoKLVtA=
github.com/goccy/go-yaml v1.8.2 h1:gDYrSN12XK/wQTFjxWIgcIqjNCV/Zb5V09M7cq+dbCs=
github.com/goccy/go-yaml v1.8.2/go.mod h1:wS4gNoLalDSJxo/SpngzPQ2BN4uuZVLCmbM4S3vd4+Y=
github.com/kr/pty v1.1.1/go.mod h1:pFQYn66WHrOpPYNljwOMqo10TkYh1fy3cYio2l3bCsQ=
github.com/kr/text v0.1.0/go.mod h1:4Jbv+DJW3UT/LiOwJeYQe1efqtUx/iVham/4vfdArNI=
github.com/kr/text v0.2.0 h1:5Nx0Ya0ZqY2ygV366QzturHI13Jq95ApcVaJBhpS+AY=
github.com/kr/text v0.2.0/go.mod h1:eLer722TekiGuMkidMxC/pM04lWEeraHUUmBw8l2grE=
github.com/leodido/go-urn v1.2.0 h1:hpXL4XnriNwQ/ABnpepYM/1vCLWNDfUNts8dX3xTG6Y=
github.com/leodido/go-urn v1.2.0/go.mod h1:+8+nEpDfqqsY+g338gtMEUOtuK+4dEMhiQEgxpxOKII=
github.com/mattn/go-colorable v0.1.4/go.mod h1:U0ppj6V5qS13XJ6of8GYAs25YV2eR4EVcfRqFIhoBtE=
github.com/mattn/go-colorable v0.1.8 h1:c1ghPdyEDarC70ftn0y+A/Ee++9zz8ljHG1b13eJ0s8=
github.com/mattn/go-colorable v0.1.8/go.mod h1:u6P/XSegPjTcexA+o6vUJrdnUu04hMope9wVRipJSqc=
github.com/mattn/go-isatty v0.0.8/go.mod h1:Iq45c/XA43vh69/j3iqttzPXn0bhXyGjM0Hdxcsrc5s=
github.com/mattn/go-isatty v0.0.10/go.mod h1:qgIWMr58cqv1PHHyhnkY9lrL7etaEgOFcMEpPG5Rm84=
github.com/mattn/go-isatty v0.0.11/go.mod h1:PhnuNfih5lzO57/f3n+odYbM4JtupLOxQOAqxQCu2WE=
github.com/mattn/go-isatty v0.0.12 h1:wuysRhFDzyxgEmMf5xjvJ2M9dZoWAXNNr5LSBS7uHXY=
github.com/mattn/go-isatty v0.0.12/go.mod h1:cbi8OIDigv2wuxKPP5vlRcQ1OAZbq2CE4Kysco4FUpU=
github.com/niemeyer/pretty v0.0.0-20200227124842-a10e7caefd8e h1:fD57ERR4JtEqsWbfPhv4DMiApHyliiK5xCTNVSPiaAs=
github.com/niemeyer/pretty v0.0.0-20200227124842-a10e7caefd8e/go.mod h1:zD1mROLANZcx1PVRCS0qkT7pwLkGfwJo4zjcN/Tysno=
github.com/pmezard/go-difflib v1.0.0 h1:4DBwDE0NGyQoBHbLQYPwSUPoCMWR5BEzIk/f1lZbAQM=
github.com/pmezard/go-difflib v1.0.0/go.mod h1:iKH77koFhYxTK1pcRnkKkqfTogsbg7gZNVY4sRDYZ/4=
github.com/russross/blackfriday/v2 v2.0.1 h1:lPqVAte+HuHNfhJ/0LC98ESWRz8afy9tM/0RK8m9o+Q=
github.com/russross/blackfriday/v2 v2.0.1/go.mod h1:+Rmxgy9KzJVeS9/2gXHxylqXiyQDYRxCVz55jmeOWTM=
github.com/shurcooL/sanitized_anchor_name v1.0.0 h1:PdmoCO6wvbs+7yrJyMORt4/BmY5IYyJwS/kOiWx8mHo=
github.com/shurcooL/sanitized_anchor_name v1.0.0/go.mod h1:1NzhyTcUVG4SuEtjjoZeVRXNmyL/1OwPU0+IJeTBvfc=
github.com/stretchr/objx v0.1.0/go.mod h1:HFkY916IF+rwdDfMAkV7OtwuqBVzrE8GR6GFx+wExME=
github.com/stretchr/objx v0.3.0 h1:NGXK3lHquSN08v5vWalVI/L8XU9hdzE/G6xsrze47As=
github.com/stretchr/objx v0.3.0/go.mod h1:qt09Ya8vawLte6SNmTgCsAVtYtaKzEcn8ATUoHMkEqE=
github.com/stretchr/testify v1.3.0/go.mod h1:M5WIy9Dh21IEIfnGCwXGc5bZfKNJtfHm1UVUgZn+9EI=
github.com/stretchr/testify v1.4.0/go.mod h1:j7eGeouHqKxXV5pUuKE4zz7dFj8WfuZ+81PSLYec5m4=
github.com/stretchr/testify v1.6.1 h1:hDPOHmpOpP40lSULcqw7IrRb/u7w6RpDC9399XyoNd0=
github.com/stretchr/testify v1.6.1/go.mod h1:6Fq8oRcR53rry900zMqJjRRixrwX3KX962/h/Wwjteg=
github.com/urfave/cli/v2 v2.2.0 h1:JTTnM6wKzdA0Jqodd966MVj4vWbbquZykeX1sKbe2C4=
github.com/urfave/cli/v2 v2.2.0/go.mod h1:SE9GqnLQmjVa0iPEY0f1w3ygNIYcIJ0OKPMoW2caLfQ=
github.com/wojnosystems/go-env v1.1.1 h1:tfztPYR9MN+4dRQQls6xXpzKzN1/yFXvqO4Mi3pA4Fc=
github.com/wojnosystems/go-env v1.1.1/go.mod h1:JAUd17v8VxmXLigceiQpaxpWYPDmSlEmMkyuoXMixy4=
github.com/wojnosystems/go-env/v2 v2.0.9 h1:jshvYd7qY/wWfcS6eI++FlqZLsTf1wEBJSaBo9X0V4U=
github.com/wojnosystems/go-env/v2 v2.0.9/go.mod h1:ATN0f7XSE7aODbvm+IxnEH3p8bh9iCm9ZCjXLoP5Jng=
github.com/wojnosystems/go-env/v2 v2.0.10 h1:A4kDTSPWEIeKHnXnEV1EhUeXYRP/lPKFRZ+knGnwSLY=
github.com/wojnosystems/go-env/v2 v2.0.10/go.mod h1:ATN0f7XSE7aODbvm+IxnEH3p8bh9iCm9ZCjXLoP5Jng=
github.com/wojnosystems/go-flag-unmarshaler v1.1.6 h1:pPZ/cu+WlFEPLTuvPsAh5d/VoShG8q1SyVpH1hIVmkA=
github.com/wojnosystems/go-flag-unmarshaler v1.1.6/go.mod h1:z/FOkPl6otbOp5rLRBgtzEmorhCkKLH2ATNrwG92RCM=
github.com/wojnosystems/go-into-struct v0.2.1 h1:svc3zB5+LrHQtL0fyNZyH53ADIAtDOFuIw4Mv2oqiAc=
github.com/wojnosystems/go-into-struct v0.2.1/go.mod h1:oEuok6rPiBA+ug952rrfH4X17VVulbujQmiKaog5rt0=
github.com/wojnosystems/go-optional v1.3.0/go.mod h1:Ryu1VdhTzgkURi1WATQ28FcYVLVAnVtIZKo124B0yAE=
github.com/wojnosystems/go-optional v1.4.0 h1:puewD7vpP0KZWtXklm/3I8o8oU3p4jLxFBLQxpH3Cac=
github.com/wojnosystems/go-optional v1.4.0/go.mod h1:Ryu1VdhTzgkURi1WATQ28FcYVLVAnVtIZKo124B0yAE=
github.com/wojnosystems/go-optional-parse-registry v1.1.2 h1:riN+3k2ewRvGUtgclCQK0BBx69a1AVcxOOBlaA7FGHw=
github.com/wojnosystems/go-optional-parse-registry v1.1.2/go.mod h1:Ji8t4plQxXIOKP5cUP1HHMJ0DIfNYPz0wfBKULzd/qg=
github.com/wojnosystems/go-optional-parse-registry v1.1.3 h1:lXtvTXi78/fTAyfgWgmsdmue0JOFr7tpQTMk9pBVhDI=
github.com/wojnosystems/go-optional-parse-registry v1.1.3/go.mod h1:ATQlHjYrupDOXMEY45O/YFZ7YWJjEjDCnL+6GHRlcDY=
github.com/wojnosystems/go-optional-parse-registry/v2 v2.0.0 h1:nhrECpjf7VeMJqkUgbxF5FQ2xs7sM1D10oW4+kQMPUA=
github.com/wojnosystems/go-optional-parse-registry/v2 v2.0.0/go.mod h1:Z+f774XDCBauwUIpHZ27j/PsV8MaAlqjpuDhxkgo1IU=
github.com/wojnosystems/go-optional/v2 v2.0.1 h1:52evTNKjcV96TolEr3npt4AT+mUDwscdfZrqzjC5a/U=
github.com/wojnosystems/go-optional/v2 v2.0.1/go.mod h1:BLnm9o/Ha9s38Y0vkejR1d82R/Ls1059PX0Ycznhj3s=
github.com/wojnosystems/go-parse-register v1.1.1 h1:uiY/PqFh9Xdz2gijLCINrOqb9kIvWZnUa0Q8nrBarcE=
github.com/wojnosystems/go-parse-register v1.1.1/go.mod h1:Zo4KDblfQiPjM9uWR0YyNLEx22gnpSyBwkAtHzx56E0=
github.com/wojnosystems/go-parse-register v1.2.0 h1:Ns0DDN2qDEnnwJER+3biRiiAVFwGAp6c2/VGyRqZwSI=
github.com/wojnosystems/go-parse-register v1.2.0/go.mod h1:Zo4KDblfQiPjM9uWR0YyNLEx22gnpSyBwkAtHzx56E0=
github.com/wojnosystems/go-sorted-set v1.0.0 h1:RVkn5xYZTYEaHTwWqSCNLq71qmfYC0uTQnMBq5JvvOE=
github.com/wojnosystems/go-sorted-set v1.0.0/go.mod h1:q+tqmuZewraa/mbxEA37MV2qqtep++jTYF6X+taNQqg=
github.com/wojnosystems/okey-dokey v1.0.2 h1:ImjUAG7wv1sRPC5qciYG5ZyNin4NNW1mGI3yhMYAk+k=
github.com/wojnosystems/okey-dokey v1.0.2/go.mod h1:2s89ls4NYwL16I4JWhsdneQHh2nCOkQnsftHlxvj8cc=
github.com/wojnosystems/yamlreg v0.0.2 h1:cvv82rHKkBQktmjnYe/GyGc6DSyPHgOmVIKOuA5GAEo=
github.com/wojnosystems/yamlreg v0.0.2/go.mod h1:Y/dGmF50bp3yq2sp++1NSgpGGRyMfrtr6rO/xhShAqE=
github.com/wojnosystems/yamlreg v0.0.3 h1:GaFS6OTU0VN43m5N2HHB5+ocEPgHAaSfRXA2xQkpr8c=
github.com/wojnosystems/yamlreg v0.0.3/go.mod h1:Y/dGmF50bp3yq2sp++1NSgpGGRyMfrtr6rO/xhShAqE=
github.com/wojnosystems/yamlreg v0.0.4 h1:OLoky+MoKA4d3mGd4qVgJPZ5mcSB+cj5FMo6qYtCYfs=
github.com/wojnosystems/yamlreg v0.0.4/go.mod h1:Y/dGmF50bp3yq2sp++1NSgpGGRyMfrtr6rO/xhShAqE=
golang.org/x/sys v0.0.0-20190222072716-a9d3bda3a223/go.mod h1:STP8DvDyc/dI5b8T5hshtkjS+E42TnysNCUPdjciGhY=
golang.org/x/sys v0.0.0-20191008105621-543471e840be/go.mod h1:h1NjWce9XRLGQEsW7wpKNCjG9DtNlClVuFLEZdDNbEs=
golang.org/x/sys v0.0.0-20191010194322-b09406accb47/go.mod h1:h1NjWce9XRLGQEsW7wpKNCjG9DtNlClVuFLEZdDNbEs=
golang.org/x/sys v0.0.0-20191026070338-33540a1f6037/go.mod h1:h1NjWce9XRLGQEsW7wpKNCjG9DtNlClVuFLEZdDNbEs=
golang.org/x/sys v0.0.0-20200116001909-b77594299b42/go.mod h1:h1NjWce9XRLGQEsW7wpKNCjG9DtNlClVuFLEZdDNbEs=
golang.org/x/sys v0.0.0-20200223170610-d5e6a3e2c0ae/go.mod h1:h1NjWce9XRLGQEsW7wpKNCjG9DtNlClVuFLEZdDNbEs=
golang.org/x/sys v0.0.0-20201024232916-9f70ab9862d5 h1:iCaAy5bMeEvwANu3YnJfWwI0kWAGkEa2RXPdweI/ysk=
golang.org/x/sys v0.0.0-20201024232916-9f70ab9862d5/go.mod h1:h1NjWce9XRLGQEsW7wpKNCjG9DtNlClVuFLEZdDNbEs=
golang.org/x/text v0.3.2/go.mod h1:bEr9sfX3Q8Zfm5fL9x+3itogRgK3+ptLWKqgva+5dAk=
golang.org/x/tools v0.0.0-20180917221912-90fa682c2a6e/go.mod h1:n7NCudcB/nEzxVGmLbDWY5pfWTLqBcC2KZ6jyYvM4mQ=
golang.org/x/xerrors v0.0.0-20191011141410-1b5146add898/go.mod h1:I/5z698sn9Ka8TeJc9MKroUUfqBBauWjQqLJ2OPfmY0=
golang.org/x/xerrors v0.0.0-20200804184101-5ec99f83aff1 h1:go1bK/D/BFZV2I8cIQd1NKEZ+0owSTG1fDTci4IqFcE=
golang.org/x/xerrors v0.0.0-20200804184101-5ec99f83aff1/go.mod h1:I/5z698sn9Ka8TeJc9MKroUUfqBBauWjQqLJ2OPfmY0=
gopkg.in/check.v1 v0.0.0-20161208181325-20d25e280405/go.mod h1:Co6ibVJAznAaIkqp8huTwlJQCZ016jof/cbN4VW5Yz0=
gopkg.in/check.v1 v1.0.0-20200902074654-038fdea0a05b h1:QRR6H1YWRnHb4Y/HeNFCTJLFVxaq6wH4YuVdsUOr75U=
gopkg.in/check.v1 v1.0.0-20200902074654-038fdea0a05b/go.mod h1:Co6ibVJAznAaIkqp8huTwlJQCZ016jof/cbN4VW5Yz0=
gopkg.in/go-playground/assert.v1 v1.2.1 h1:xoYuJVE7KT85PYWrN730RguIQO0ePzVRfFMXadIrXTM=
gopkg.in/go-playground/assert.v1 v1.2.1/go.mod h1:9RXL0bg/zibRAgZUYszZSwO/z8Y/a8bDuhia5mkpMnE=
gopkg.in/go-playground/validator.v9 v9.30.0 h1:Wk0Z37oBmKj9/n+tPyBHZmeL19LaCoK3Qq48VwYENss=
gopkg.in/go-playground/validator.v9 v9.30.0/go.mod h1:+c9/zcJMFNgbLvly1L1V+PpxWdVbfP1avr/N00E2vyQ=
gopkg.in/yaml.v2 v2.2.2/go.mod h1:hI93XBmqTisBFMUTm0b8Fm+jr3Dg1NNxqwp+5A1VGuI=
gopkg.in/yaml.v3 v3.0.0-20200313102051-9f266ea9e77c/go.mod h1:K4uyk7z7BCEPqu6E+C64Yfv1cQ7kz7rIZviUmN+EgEM=
gopkg.in/yaml.v3 v3.0.0-20200615113413-eeeca48fe776 h1:tQIYjPdBoyREyB9XMu+nnTclpTYkz2zFM+lzLJFO4gQ=
gopkg.in/yaml.v3 v3.0.0-20200615113413-eeeca48fe776/go.mod h1:K4uyk7z7BCEPqu6E+C64Yfv1cQ7kz7rIZviUmN+EgEM=
